
Microsoft Visual Studio Solution File, Format Version 12.00
# Visual Studio Version 17
VisualStudioVersion = 17.0.32014.148
MinimumVisualStudioVersion = 10.0.40219.1
Project("{FAE04EC0-301F-11D3-BF4B-00C04F79EFBC}") = "IFP", "IFP\IFP.csproj", "{10BF689E-BE44-4EED-8CA8-A01E276BE141}"
EndProject
Global
	GlobalSection(SolutionConfigurationPlatforms) = preSolution
		Debug|Any CPU = Debug|Any CPU
		Release|Any CPU = Release|Any CPU
	EndGlobalSection
	GlobalSection(ProjectConfigurationPlatforms) = postSolution
		{10BF689E-BE44-4EED-8CA8-A01E276BE141}.Debug|Any CPU.ActiveCfg = Debug|Any CPU
		{10BF689E-BE44-4EED-8CA8-A01E276BE141}.Debug|Any CPU.Build.0 = Debug|Any CPU
		{10BF689E-BE44-4EED-8CA8-A01E276BE141}.Release|Any CPU.ActiveCfg = Release|Any CPU
		{10BF689E-BE44-4EED-8CA8-A01E276BE141}.Release|Any CPU.Build.0 = Release|Any CPU
	EndGlobalSection
	GlobalSection(SolutionProperties) = preSolution
		HideSolutionNode = FALSE
	EndGlobalSection
	GlobalSection(ExtensibilityGlobals) = postSolution
		SolutionGuid = {DF936149-C9EA-428F-A0F1-B161FD42497B}
	EndGlobalSection
EndGlobal
